
Microsoft Visual Studio Solution File, Format Version 12.00
Project("{2150E333-8FDC-42A3-9474-1A3956D46DE8}") = "ModelsFolder", "ModelsFolder", "{A41BD04A-D6BF-4254-87AA-6BB4BD3FA9D7}"
EndProject
Project("{2150E333-8FDC-42A3-9474-1A3956D46DE8}") = "MapperFolder", "MapperFolder", "{4D5B552F-F94A-4099-84CE-432C3385459D}"
EndProject
Project("{2150E333-8FDC-42A3-9474-1A3956D46DE8}") = "ControllersFolder", "ControllersFolder", "{3627DE6F-2CC0-45F0-B7FB-E6B082BAFD96}"
EndProject
Project("{2150E333-8FDC-42A3-9474-1A3956D46DE8}") = "ExceptionsFolder", "ExceptionsFolder", "{FF1C589A-3E78-4521-AEF3-5EBB25DE3CA2}"
EndProject
Project("{2150E333-8FDC-42A3-9474-1A3956D46DE8}") = "ServicesFolder", "ServicesFolder", "{345E77C5-B301-4E23-921D-3B65E5166768}"
EndProject
Project("{2150E333-8FDC-42A3-9474-1A3956D46DE8}") = "RepositoriesFolder", "RepositoriesFolder", "{BE83D241-2803-450F-B59B-CABB457C442F}"
EndProject
Project("{FAE04EC0-301F-11D3-BF4B-00C04F79EFBC}") = "ModelsInterfaces", "ModelsInterfaces\ModelsInterfaces.csproj", "{6995E4C5-1913-4AAC-A7CB-BC3800169973}"
EndProject
Project("{FAE04EC0-301F-11D3-BF4B-00C04F79EFBC}") = "Models", "Models\Models.csproj", "{7FAD9BD8-F7E6-4747-AD27-C20BB64420A8}"
EndProject
Project("{FAE04EC0-301F-11D3-BF4B-00C04F79EFBC}") = "ModelsTests", "ModelsTests\ModelsTests.csproj", "{678E3331-2042-4839-A5AB-E79D4495BEED}"
EndProject
Project("{FAE04EC0-301F-11D3-BF4B-00C04F79EFBC}") = "IRepositories", "IRepositories\IRepositories.csproj", "{39E7E25E-AE73-4071-A7C3-F9601679770A}"
EndProject
Project("{FAE04EC0-301F-11D3-BF4B-00C04F79EFBC}") = "Repositories", "Repositories\Repositories.csproj", "{8B4C169F-DCA6-4A39-93EC-2347F5C39968}"
EndProject
Project("{2150E333-8FDC-42A3-9474-1A3956D46DE8}") = "DataAccessFolder", "DataAccessFolder", "{E85B44E6-7CB2-4AE5-8B8A-642AA90D8C94}"
EndProject
Project("{FAE04EC0-301F-11D3-BF4B-00C04F79EFBC}") = "DataAccess", "DataAccess\DataAccess.csproj", "{D2C76D20-AA98-4871-AEB8-DCC97991AA1B}"
EndProject
Project("{2150E333-8FDC-42A3-9474-1A3956D46DE8}") = "WebAPIFolder", "WebAPIFolder", "{F5260794-46C6-4406-8E8F-A0EF9D354DCB}"
EndProject
Project("{FAE04EC0-301F-11D3-BF4B-00C04F79EFBC}") = "WebAPI", "WebAPI\WebAPI.csproj", "{F3003A05-2096-4D0D-B4C8-0B9B4807935C}"
EndProject
Project("{2150E333-8FDC-42A3-9474-1A3956D46DE8}") = "InjectionFolder", "InjectionFolder", "{46D4BA35-3AF5-4BF2-8FC7-B100177C3DE1}"
EndProject
Project("{FAE04EC0-301F-11D3-BF4B-00C04F79EFBC}") = "InjectionService", "InjectionService\InjectionService.csproj", "{DADFDC51-38D9-41F1-8332-CC5D400A307E}"
EndProject
Project("{FAE04EC0-301F-11D3-BF4B-00C04F79EFBC}") = "RepositoryTests", "RepositoryTests\RepositoryTests.csproj", "{D37E2F95-6A32-4315-9E95-8304A2650DD1}"
EndProject
Project("{FAE04EC0-301F-11D3-BF4B-00C04F79EFBC}") = "Services", "Services\Services.csproj", "{C5B01E31-4308-485F-BB4E-BB7E175CC9EC}"
EndProject
Project("{FAE04EC0-301F-11D3-BF4B-00C04F79EFBC}") = "ServicesInterfaces", "ServicesInterfaces\ServicesInterfaces.csproj", "{0252AB99-5EC5-4CEE-A602-E33D97009BF1}"
EndProject
Project("{FAE04EC0-301F-11D3-BF4B-00C04F79EFBC}") = "ServicesTests", "ServicesTests\ServicesTests.csproj", "{2CB0770A-E9BC-4281-9557-DC4AA8BE95F2}"
EndProject
Project("{FAE04EC0-301F-11D3-BF4B-00C04F79EFBC}") = "ControllerTests", "ControllerTests\ControllerTests.csproj", "{E7E93027-6929-4367-8CB6-3EABAB28D9E8}"
EndProject
Project("{FAE04EC0-301F-11D3-BF4B-00C04F79EFBC}") = "Controllers", "Controllers\Controllers.csproj", "{BFFD6CF3-035D-4434-9ACD-70C2A87FED98}"
EndProject
Project("{FAE04EC0-301F-11D3-BF4B-00C04F79EFBC}") = "ControllersInterfaces", "ControllersInterfaces\ControllersInterfaces.csproj", "{94CE7DCD-1E1D-4729-8CFC-DC675BCF44E2}"
EndProject
Project("{FAE04EC0-301F-11D3-BF4B-00C04F79EFBC}") = "Mapper", "Mapper\Mapper.csproj", "{8C332CDD-6C31-4ADC-87E8-71AC386DC855}"
EndProject
Project("{FAE04EC0-301F-11D3-BF4B-00C04F79EFBC}") = "MapperTests", "MapperTests\MapperTests.csproj", "{1713EA95-2BF3-41AF-B928-307A6BA9832B}"
EndProject
Project("{FAE04EC0-301F-11D3-BF4B-00C04F79EFBC}") = "WebAPITests", "WebAPITests\WebAPITests.csproj", "{C9E5C5D3-2747-4F4D-A0C0-FAD203751AEF}"
EndProject
Project("{FAE04EC0-301F-11D3-BF4B-00C04F79EFBC}") = "ModelsAPI", "ModelsAPI\ModelsAPI.csproj", "{13F883DF-D2F8-45F2-829C-E451CD19C98D}"
EndProject
Project("{FAE04EC0-301F-11D3-BF4B-00C04F79EFBC}") = "ModelException", "ModelException\ModelException.csproj", "{ED93FFEE-D8AD-4885-8F6D-A1BAFFA4ED56}"
EndProject
Project("{2150E333-8FDC-42A3-9474-1A3956D46DE8}") = "ValidationFolder", "ValidationFolder", "{4090DFDF-0BC4-4EFF-909D-038310D36E67}"
EndProject
Project("{FAE04EC0-301F-11D3-BF4B-00C04F79EFBC}") = "ModelValidationTests", "ModelValidationTests\ModelValidationTests.csproj", "{DDBB7263-9559-45B9-A006-F8B85EF26B94}"
EndProject
Project("{FAE04EC0-301F-11D3-BF4B-00C04F79EFBC}") = "ModelValidation", "ModelValidation\ModelValidation.csproj", "{B86A5639-A021-4423-913E-31AF996C72C2}"
EndProject
Project("{2150E333-8FDC-42A3-9474-1A3956D46DE8}") = "ImporterFolder", "ImporterFolder", "{FC5D4584-EBEF-45A8-BA4E-9ECE94EE3E52}"
EndProject
Project("{FAE04EC0-301F-11D3-BF4B-00C04F79EFBC}") = "Importer", "Importer\Importer.csproj", "{57E934FC-0A7E-4B20-B73E-696C3AD80B2E}"
EndProject
Project("{FAE04EC0-301F-11D3-BF4B-00C04F79EFBC}") = "ImporterInterfaces", "ImporterInterfaces\ImporterInterfaces.csproj", "{9071CB46-4B66-4408-B2AF-ECCC236554DC}"
EndProject
Project("{FAE04EC0-301F-11D3-BF4B-00C04F79EFBC}") = "ImporterTests", "ImporterTests\ImporterTests.csproj", "{3A70044A-8C3E-430D-9ABF-5F8F0B7F971C}"
EndProject
Global
	GlobalSection(SolutionConfigurationPlatforms) = preSolution
		Debug|Any CPU = Debug|Any CPU
		Release|Any CPU = Release|Any CPU
	EndGlobalSection
	GlobalSection(NestedProjects) = preSolution
		{6995E4C5-1913-4AAC-A7CB-BC3800169973} = {A41BD04A-D6BF-4254-87AA-6BB4BD3FA9D7}
		{7FAD9BD8-F7E6-4747-AD27-C20BB64420A8} = {A41BD04A-D6BF-4254-87AA-6BB4BD3FA9D7}
		{678E3331-2042-4839-A5AB-E79D4495BEED} = {A41BD04A-D6BF-4254-87AA-6BB4BD3FA9D7}
		{39E7E25E-AE73-4071-A7C3-F9601679770A} = {BE83D241-2803-450F-B59B-CABB457C442F}
		{8B4C169F-DCA6-4A39-93EC-2347F5C39968} = {BE83D241-2803-450F-B59B-CABB457C442F}
		{D2C76D20-AA98-4871-AEB8-DCC97991AA1B} = {E85B44E6-7CB2-4AE5-8B8A-642AA90D8C94}
		{F3003A05-2096-4D0D-B4C8-0B9B4807935C} = {F5260794-46C6-4406-8E8F-A0EF9D354DCB}
		{DADFDC51-38D9-41F1-8332-CC5D400A307E} = {46D4BA35-3AF5-4BF2-8FC7-B100177C3DE1}
		{D37E2F95-6A32-4315-9E95-8304A2650DD1} = {BE83D241-2803-450F-B59B-CABB457C442F}
		{C5B01E31-4308-485F-BB4E-BB7E175CC9EC} = {345E77C5-B301-4E23-921D-3B65E5166768}
		{0252AB99-5EC5-4CEE-A602-E33D97009BF1} = {345E77C5-B301-4E23-921D-3B65E5166768}
		{2CB0770A-E9BC-4281-9557-DC4AA8BE95F2} = {345E77C5-B301-4E23-921D-3B65E5166768}
		{E7E93027-6929-4367-8CB6-3EABAB28D9E8} = {3627DE6F-2CC0-45F0-B7FB-E6B082BAFD96}
		{BFFD6CF3-035D-4434-9ACD-70C2A87FED98} = {3627DE6F-2CC0-45F0-B7FB-E6B082BAFD96}
		{94CE7DCD-1E1D-4729-8CFC-DC675BCF44E2} = {3627DE6F-2CC0-45F0-B7FB-E6B082BAFD96}
		{8C332CDD-6C31-4ADC-87E8-71AC386DC855} = {4D5B552F-F94A-4099-84CE-432C3385459D}
		{1713EA95-2BF3-41AF-B928-307A6BA9832B} = {4D5B552F-F94A-4099-84CE-432C3385459D}
		{C9E5C5D3-2747-4F4D-A0C0-FAD203751AEF} = {F5260794-46C6-4406-8E8F-A0EF9D354DCB}
		{13F883DF-D2F8-45F2-829C-E451CD19C98D} = {F5260794-46C6-4406-8E8F-A0EF9D354DCB}
		{ED93FFEE-D8AD-4885-8F6D-A1BAFFA4ED56} = {FF1C589A-3E78-4521-AEF3-5EBB25DE3CA2}
		{DDBB7263-9559-45B9-A006-F8B85EF26B94} = {4090DFDF-0BC4-4EFF-909D-038310D36E67}
		{B86A5639-A021-4423-913E-31AF996C72C2} = {4090DFDF-0BC4-4EFF-909D-038310D36E67}
		{57E934FC-0A7E-4B20-B73E-696C3AD80B2E} = {FC5D4584-EBEF-45A8-BA4E-9ECE94EE3E52}
		{9071CB46-4B66-4408-B2AF-ECCC236554DC} = {FC5D4584-EBEF-45A8-BA4E-9ECE94EE3E52}
		{3A70044A-8C3E-430D-9ABF-5F8F0B7F971C} = {FC5D4584-EBEF-45A8-BA4E-9ECE94EE3E52}
	EndGlobalSection
	GlobalSection(ProjectConfigurationPlatforms) = postSolution
		{6995E4C5-1913-4AAC-A7CB-BC3800169973}.Debug|Any CPU.ActiveCfg = Debug|Any CPU
		{6995E4C5-1913-4AAC-A7CB-BC3800169973}.Debug|Any CPU.Build.0 = Debug|Any CPU
		{6995E4C5-1913-4AAC-A7CB-BC3800169973}.Release|Any CPU.ActiveCfg = Release|Any CPU
		{6995E4C5-1913-4AAC-A7CB-BC3800169973}.Release|Any CPU.Build.0 = Release|Any CPU
		{7FAD9BD8-F7E6-4747-AD27-C20BB64420A8}.Debug|Any CPU.ActiveCfg = Debug|Any CPU
		{7FAD9BD8-F7E6-4747-AD27-C20BB64420A8}.Debug|Any CPU.Build.0 = Debug|Any CPU
		{7FAD9BD8-F7E6-4747-AD27-C20BB64420A8}.Release|Any CPU.ActiveCfg = Release|Any CPU
		{7FAD9BD8-F7E6-4747-AD27-C20BB64420A8}.Release|Any CPU.Build.0 = Release|Any CPU
		{678E3331-2042-4839-A5AB-E79D4495BEED}.Debug|Any CPU.ActiveCfg = Debug|Any CPU
		{678E3331-2042-4839-A5AB-E79D4495BEED}.Debug|Any CPU.Build.0 = Debug|Any CPU
		{678E3331-2042-4839-A5AB-E79D4495BEED}.Release|Any CPU.ActiveCfg = Release|Any CPU
		{678E3331-2042-4839-A5AB-E79D4495BEED}.Release|Any CPU.Build.0 = Release|Any CPU
		{39E7E25E-AE73-4071-A7C3-F9601679770A}.Debug|Any CPU.ActiveCfg = Debug|Any CPU
		{39E7E25E-AE73-4071-A7C3-F9601679770A}.Debug|Any CPU.Build.0 = Debug|Any CPU
		{39E7E25E-AE73-4071-A7C3-F9601679770A}.Release|Any CPU.ActiveCfg = Release|Any CPU
		{39E7E25E-AE73-4071-A7C3-F9601679770A}.Release|Any CPU.Build.0 = Release|Any CPU
		{8B4C169F-DCA6-4A39-93EC-2347F5C39968}.Debug|Any CPU.ActiveCfg = Debug|Any CPU
		{8B4C169F-DCA6-4A39-93EC-2347F5C39968}.Debug|Any CPU.Build.0 = Debug|Any CPU
		{8B4C169F-DCA6-4A39-93EC-2347F5C39968}.Release|Any CPU.ActiveCfg = Release|Any CPU
		{8B4C169F-DCA6-4A39-93EC-2347F5C39968}.Release|Any CPU.Build.0 = Release|Any CPU
		{D2C76D20-AA98-4871-AEB8-DCC97991AA1B}.Debug|Any CPU.ActiveCfg = Debug|Any CPU
		{D2C76D20-AA98-4871-AEB8-DCC97991AA1B}.Debug|Any CPU.Build.0 = Debug|Any CPU
		{D2C76D20-AA98-4871-AEB8-DCC97991AA1B}.Release|Any CPU.ActiveCfg = Release|Any CPU
		{D2C76D20-AA98-4871-AEB8-DCC97991AA1B}.Release|Any CPU.Build.0 = Release|Any CPU
		{F3003A05-2096-4D0D-B4C8-0B9B4807935C}.Debug|Any CPU.ActiveCfg = Debug|Any CPU
		{F3003A05-2096-4D0D-B4C8-0B9B4807935C}.Debug|Any CPU.Build.0 = Debug|Any CPU
		{F3003A05-2096-4D0D-B4C8-0B9B4807935C}.Release|Any CPU.ActiveCfg = Release|Any CPU
		{F3003A05-2096-4D0D-B4C8-0B9B4807935C}.Release|Any CPU.Build.0 = Release|Any CPU
		{DADFDC51-38D9-41F1-8332-CC5D400A307E}.Debug|Any CPU.ActiveCfg = Debug|Any CPU
		{DADFDC51-38D9-41F1-8332-CC5D400A307E}.Debug|Any CPU.Build.0 = Debug|Any CPU
		{DADFDC51-38D9-41F1-8332-CC5D400A307E}.Release|Any CPU.ActiveCfg = Release|Any CPU
		{DADFDC51-38D9-41F1-8332-CC5D400A307E}.Release|Any CPU.Build.0 = Release|Any CPU
		{D37E2F95-6A32-4315-9E95-8304A2650DD1}.Debug|Any CPU.ActiveCfg = Debug|Any CPU
		{D37E2F95-6A32-4315-9E95-8304A2650DD1}.Debug|Any CPU.Build.0 = Debug|Any CPU
		{D37E2F95-6A32-4315-9E95-8304A2650DD1}.Release|Any CPU.ActiveCfg = Release|Any CPU
		{D37E2F95-6A32-4315-9E95-8304A2650DD1}.Release|Any CPU.Build.0 = Release|Any CPU
		{C5B01E31-4308-485F-BB4E-BB7E175CC9EC}.Debug|Any CPU.ActiveCfg = Debug|Any CPU
		{C5B01E31-4308-485F-BB4E-BB7E175CC9EC}.Debug|Any CPU.Build.0 = Debug|Any CPU
		{C5B01E31-4308-485F-BB4E-BB7E175CC9EC}.Release|Any CPU.ActiveCfg = Release|Any CPU
		{C5B01E31-4308-485F-BB4E-BB7E175CC9EC}.Release|Any CPU.Build.0 = Release|Any CPU
		{0252AB99-5EC5-4CEE-A602-E33D97009BF1}.Debug|Any CPU.ActiveCfg = Debug|Any CPU
		{0252AB99-5EC5-4CEE-A602-E33D97009BF1}.Debug|Any CPU.Build.0 = Debug|Any CPU
		{0252AB99-5EC5-4CEE-A602-E33D97009BF1}.Release|Any CPU.ActiveCfg = Release|Any CPU
		{0252AB99-5EC5-4CEE-A602-E33D97009BF1}.Release|Any CPU.Build.0 = Release|Any CPU
		{2CB0770A-E9BC-4281-9557-DC4AA8BE95F2}.Debug|Any CPU.ActiveCfg = Debug|Any CPU
		{2CB0770A-E9BC-4281-9557-DC4AA8BE95F2}.Debug|Any CPU.Build.0 = Debug|Any CPU
		{2CB0770A-E9BC-4281-9557-DC4AA8BE95F2}.Release|Any CPU.ActiveCfg = Release|Any CPU
		{2CB0770A-E9BC-4281-9557-DC4AA8BE95F2}.Release|Any CPU.Build.0 = Release|Any CPU
		{E7E93027-6929-4367-8CB6-3EABAB28D9E8}.Debug|Any CPU.ActiveCfg = Debug|Any CPU
		{E7E93027-6929-4367-8CB6-3EABAB28D9E8}.Debug|Any CPU.Build.0 = Debug|Any CPU
		{E7E93027-6929-4367-8CB6-3EABAB28D9E8}.Release|Any CPU.ActiveCfg = Release|Any CPU
		{E7E93027-6929-4367-8CB6-3EABAB28D9E8}.Release|Any CPU.Build.0 = Release|Any CPU
		{BFFD6CF3-035D-4434-9ACD-70C2A87FED98}.Debug|Any CPU.ActiveCfg = Debug|Any CPU
		{BFFD6CF3-035D-4434-9ACD-70C2A87FED98}.Debug|Any CPU.Build.0 = Debug|Any CPU
		{BFFD6CF3-035D-4434-9ACD-70C2A87FED98}.Release|Any CPU.ActiveCfg = Release|Any CPU
		{BFFD6CF3-035D-4434-9ACD-70C2A87FED98}.Release|Any CPU.Build.0 = Release|Any CPU
		{94CE7DCD-1E1D-4729-8CFC-DC675BCF44E2}.Debug|Any CPU.ActiveCfg = Debug|Any CPU
		{94CE7DCD-1E1D-4729-8CFC-DC675BCF44E2}.Debug|Any CPU.Build.0 = Debug|Any CPU
		{94CE7DCD-1E1D-4729-8CFC-DC675BCF44E2}.Release|Any CPU.ActiveCfg = Release|Any CPU
		{94CE7DCD-1E1D-4729-8CFC-DC675BCF44E2}.Release|Any CPU.Build.0 = Release|Any CPU
		{8C332CDD-6C31-4ADC-87E8-71AC386DC855}.Debug|Any CPU.ActiveCfg = Debug|Any CPU
		{8C332CDD-6C31-4ADC-87E8-71AC386DC855}.Debug|Any CPU.Build.0 = Debug|Any CPU
		{8C332CDD-6C31-4ADC-87E8-71AC386DC855}.Release|Any CPU.ActiveCfg = Release|Any CPU
		{8C332CDD-6C31-4ADC-87E8-71AC386DC855}.Release|Any CPU.Build.0 = Release|Any CPU
		{1713EA95-2BF3-41AF-B928-307A6BA9832B}.Debug|Any CPU.ActiveCfg = Debug|Any CPU
		{1713EA95-2BF3-41AF-B928-307A6BA9832B}.Debug|Any CPU.Build.0 = Debug|Any CPU
		{1713EA95-2BF3-41AF-B928-307A6BA9832B}.Release|Any CPU.ActiveCfg = Release|Any CPU
		{1713EA95-2BF3-41AF-B928-307A6BA9832B}.Release|Any CPU.Build.0 = Release|Any CPU
		{C9E5C5D3-2747-4F4D-A0C0-FAD203751AEF}.Debug|Any CPU.ActiveCfg = Debug|Any CPU
		{C9E5C5D3-2747-4F4D-A0C0-FAD203751AEF}.Debug|Any CPU.Build.0 = Debug|Any CPU
		{C9E5C5D3-2747-4F4D-A0C0-FAD203751AEF}.Release|Any CPU.ActiveCfg = Release|Any CPU
		{C9E5C5D3-2747-4F4D-A0C0-FAD203751AEF}.Release|Any CPU.Build.0 = Release|Any CPU
		{13F883DF-D2F8-45F2-829C-E451CD19C98D}.Debug|Any CPU.ActiveCfg = Debug|Any CPU
		{13F883DF-D2F8-45F2-829C-E451CD19C98D}.Debug|Any CPU.Build.0 = Debug|Any CPU
		{13F883DF-D2F8-45F2-829C-E451CD19C98D}.Release|Any CPU.ActiveCfg = Release|Any CPU
		{13F883DF-D2F8-45F2-829C-E451CD19C98D}.Release|Any CPU.Build.0 = Release|Any CPU
		{ED93FFEE-D8AD-4885-8F6D-A1BAFFA4ED56}.Debug|Any CPU.ActiveCfg = Debug|Any CPU
		{ED93FFEE-D8AD-4885-8F6D-A1BAFFA4ED56}.Debug|Any CPU.Build.0 = Debug|Any CPU
		{ED93FFEE-D8AD-4885-8F6D-A1BAFFA4ED56}.Release|Any CPU.ActiveCfg = Release|Any CPU
		{ED93FFEE-D8AD-4885-8F6D-A1BAFFA4ED56}.Release|Any CPU.Build.0 = Release|Any CPU
		{DDBB7263-9559-45B9-A006-F8B85EF26B94}.Debug|Any CPU.ActiveCfg = Debug|Any CPU
		{DDBB7263-9559-45B9-A006-F8B85EF26B94}.Debug|Any CPU.Build.0 = Debug|Any CPU
		{DDBB7263-9559-45B9-A006-F8B85EF26B94}.Release|Any CPU.ActiveCfg = Release|Any CPU
		{DDBB7263-9559-45B9-A006-F8B85EF26B94}.Release|Any CPU.Build.0 = Release|Any CPU
		{B86A5639-A021-4423-913E-31AF996C72C2}.Debug|Any CPU.ActiveCfg = Debug|Any CPU
		{B86A5639-A021-4423-913E-31AF996C72C2}.Debug|Any CPU.Build.0 = Debug|Any CPU
		{B86A5639-A021-4423-913E-31AF996C72C2}.Release|Any CPU.ActiveCfg = Release|Any CPU
		{B86A5639-A021-4423-913E-31AF996C72C2}.Release|Any CPU.Build.0 = Release|Any CPU
		{57E934FC-0A7E-4B20-B73E-696C3AD80B2E}.Debug|Any CPU.ActiveCfg = Debug|Any CPU
		{57E934FC-0A7E-4B20-B73E-696C3AD80B2E}.Debug|Any CPU.Build.0 = Debug|Any CPU
		{57E934FC-0A7E-4B20-B73E-696C3AD80B2E}.Release|Any CPU.ActiveCfg = Release|Any CPU
		{57E934FC-0A7E-4B20-B73E-696C3AD80B2E}.Release|Any CPU.Build.0 = Release|Any CPU
		{9071CB46-4B66-4408-B2AF-ECCC236554DC}.Debug|Any CPU.ActiveCfg = Debug|Any CPU
		{9071CB46-4B66-4408-B2AF-ECCC236554DC}.Debug|Any CPU.Build.0 = Debug|Any CPU
		{9071CB46-4B66-4408-B2AF-ECCC236554DC}.Release|Any CPU.ActiveCfg = Release|Any CPU
		{9071CB46-4B66-4408-B2AF-ECCC236554DC}.Release|Any CPU.Build.0 = Release|Any CPU
		{3A70044A-8C3E-430D-9ABF-5F8F0B7F971C}.Debug|Any CPU.ActiveCfg = Debug|Any CPU
		{3A70044A-8C3E-430D-9ABF-5F8F0B7F971C}.Debug|Any CPU.Build.0 = Debug|Any CPU
		{3A70044A-8C3E-430D-9ABF-5F8F0B7F971C}.Release|Any CPU.ActiveCfg = Release|Any CPU
		{3A70044A-8C3E-430D-9ABF-5F8F0B7F971C}.Release|Any CPU.Build.0 = Release|Any CPU
	EndGlobalSection
EndGlobal
